
Microsoft Visual Studio Solution File, Format Version 12.00
# Visual Studio Version 17
Project("{2150E333-8FDC-42A3-9474-1A3956D46DE8}") = "CMakePredefinedTargets", "CMakePredefinedTargets", "{0C41659B-C438-3399-94F9-B40857ECD286}"
EndProject
Project("{2150E333-8FDC-42A3-9474-1A3956D46DE8}") = "NVRHI", "NVRHI", "{770CDF78-DE44-31C4-B4C2-BA3D5369255E}"
EndProject
Project("{2150E333-8FDC-42A3-9474-1A3956D46DE8}") = "Tools", "Tools", "{B398E47F-A740-3C30-982E-EB2E0ADEC79F}"
EndProject
Project("{8BC9CEB8-8B4A-11D0-8D11-00A0C91BC942}") = "ALL_BUILD", "ALL_BUILD.vcxproj", "{6ABC84AB-2D41-34B2-8D9C-9621573CDC93}"
	ProjectSection(ProjectDependencies) = postProject
		{7D83CE39-5F1B-3C14-88FB-41809CA565CC} = {7D83CE39-5F1B-3C14-88FB-41809CA565CC}
		{F6483AD4-18FE-3F9C-93E9-F50332217813} = {F6483AD4-18FE-3F9C-93E9-F50332217813}
		{DDF26FBF-BB29-3F9A-87EC-48EC8CF0C7B8} = {DDF26FBF-BB29-3F9A-87EC-48EC8CF0C7B8}
		{C2641F46-386A-3E0D-945F-32194AF8E35E} = {C2641F46-386A-3E0D-945F-32194AF8E35E}
		{1A95D9EB-C766-3016-847D-3F38B9106663} = {1A95D9EB-C766-3016-847D-3F38B9106663}
		{C20C598F-9148-33D6-82D8-787862A0F6F8} = {C20C598F-9148-33D6-82D8-787862A0F6F8}
	EndProjectSection
EndProject
Project("{8BC9CEB8-8B4A-11D0-8D11-00A0C91BC942}") = "INSTALL", "INSTALL.vcxproj", "{8F891FB1-9175-3770-9588-33A2EB1D8CF9}"
	ProjectSection(ProjectDependencies) = postProject
		{6ABC84AB-2D41-34B2-8D9C-9621573CDC93} = {6ABC84AB-2D41-34B2-8D9C-9621573CDC93}
		{7D83CE39-5F1B-3C14-88FB-41809CA565CC} = {7D83CE39-5F1B-3C14-88FB-41809CA565CC}
	EndProjectSection
EndProject
Project("{8BC9CEB8-8B4A-11D0-8D11-00A0C91BC942}") = "ZERO_CHECK", "..\..\\ZERO_CHECK.vcxproj", "{7D83CE39-5F1B-3C14-88FB-41809CA565CC}"
	ProjectSection(ProjectDependencies) = postProject
	EndProjectSection
EndProject
Project("{8BC9CEB8-8B4A-11D0-8D11-00A0C91BC942}") = "nvrhi", "nvrhi.vcxproj", "{F6483AD4-18FE-3F9C-93E9-F50332217813}"
	ProjectSection(ProjectDependencies) = postProject
		{7D83CE39-5F1B-3C14-88FB-41809CA565CC} = {7D83CE39-5F1B-3C14-88FB-41809CA565CC}
	EndProjectSection
EndProject
Project("{8BC9CEB8-8B4A-11D0-8D11-00A0C91BC942}") = "nvrhi_d3d11", "nvrhi_d3d11.vcxproj", "{DDF26FBF-BB29-3F9A-87EC-48EC8CF0C7B8}"
	ProjectSection(ProjectDependencies) = postProject
		{7D83CE39-5F1B-3C14-88FB-41809CA565CC} = {7D83CE39-5F1B-3C14-88FB-41809CA565CC}
	EndProjectSection
EndProject
Project("{8BC9CEB8-8B4A-11D0-8D11-00A0C91BC942}") = "nvrhi_d3d12", "nvrhi_d3d12.vcxproj", "{C2641F46-386A-3E0D-945F-32194AF8E35E}"
	ProjectSection(ProjectDependencies) = postProject
		{7D83CE39-5F1B-3C14-88FB-41809CA565CC} = {7D83CE39-5F1B-3C14-88FB-41809CA565CC}
	EndProjectSection
EndProject
Project("{8BC9CEB8-8B4A-11D0-8D11-00A0C91BC942}") = "nvrhi_vk", "nvrhi_vk.vcxproj", "{1A95D9EB-C766-3016-847D-3F38B9106663}"
	ProjectSection(ProjectDependencies) = postProject
		{7D83CE39-5F1B-3C14-88FB-41809CA565CC} = {7D83CE39-5F1B-3C14-88FB-41809CA565CC}
	EndProjectSection
EndProject
Project("{8BC9CEB8-8B4A-11D0-8D11-00A0C91BC942}") = "shaderCompiler", "tools\shaderCompiler\shaderCompiler.vcxproj", "{C20C598F-9148-33D6-82D8-787862A0F6F8}"
	ProjectSection(ProjectDependencies) = postProject
		{7D83CE39-5F1B-3C14-88FB-41809CA565CC} = {7D83CE39-5F1B-3C14-88FB-41809CA565CC}
	EndProjectSection
EndProject
Project("{8BC9CEB8-8B4A-11D0-8D11-00A0C91BC942}") = "uninstall", "thirdparty\Vulkan-Headers\uninstall.vcxproj", "{AAA9F97E-5F4B-3B51-A037-133113DAE2D0}"
	ProjectSection(ProjectDependencies) = postProject
		{7D83CE39-5F1B-3C14-88FB-41809CA565CC} = {7D83CE39-5F1B-3C14-88FB-41809CA565CC}
	EndProjectSection
EndProject
Global
	GlobalSection(SolutionConfigurationPlatforms) = preSolution
		Debug|x64 = Debug|x64
		Release|x64 = Release|x64
		MinSizeRel|x64 = MinSizeRel|x64
		RelWithDebInfo|x64 = RelWithDebInfo|x64
	EndGlobalSection
	GlobalSection(ProjectConfigurationPlatforms) = postSolution
		{6ABC84AB-2D41-34B2-8D9C-9621573CDC93}.Debug|x64.ActiveCfg = Debug|x64
		{6ABC84AB-2D41-34B2-8D9C-9621573CDC93}.Debug|x64.Build.0 = Debug|x64
		{6ABC84AB-2D41-34B2-8D9C-9621573CDC93}.Release|x64.ActiveCfg = Release|x64
		{6ABC84AB-2D41-34B2-8D9C-9621573CDC93}.Release|x64.Build.0 = Release|x64
		{6ABC84AB-2D41-34B2-8D9C-9621573CDC93}.MinSizeRel|x64.ActiveCfg = MinSizeRel|x64
		{6ABC84AB-2D41-34B2-8D9C-9621573CDC93}.MinSizeRel|x64.Build.0 = MinSizeRel|x64
		{6ABC84AB-2D41-34B2-8D9C-9621573CDC93}.RelWithDebInfo|x64.ActiveCfg = RelWithDebInfo|x64
		{6ABC84AB-2D41-34B2-8D9C-9621573CDC93}.RelWithDebInfo|x64.Build.0 = RelWithDebInfo|x64
		{8F891FB1-9175-3770-9588-33A2EB1D8CF9}.Debug|x64.ActiveCfg = Debug|x64
		{8F891FB1-9175-3770-9588-33A2EB1D8CF9}.Release|x64.ActiveCfg = Release|x64
		{8F891FB1-9175-3770-9588-33A2EB1D8CF9}.MinSizeRel|x64.ActiveCfg = MinSizeRel|x64
		{8F891FB1-9175-3770-9588-33A2EB1D8CF9}.RelWithDebInfo|x64.ActiveCfg = RelWithDebInfo|x64
		{7D83CE39-5F1B-3C14-88FB-41809CA565CC}.Debug|x64.ActiveCfg = Debug|x64
		{7D83CE39-5F1B-3C14-88FB-41809CA565CC}.Debug|x64.Build.0 = Debug|x64
		{7D83CE39-5F1B-3C14-88FB-41809CA565CC}.Release|x64.ActiveCfg = Release|x64
		{7D83CE39-5F1B-3C14-88FB-41809CA565CC}.Release|x64.Build.0 = Release|x64
		{7D83CE39-5F1B-3C14-88FB-41809CA565CC}.MinSizeRel|x64.ActiveCfg = MinSizeRel|x64
		{7D83CE39-5F1B-3C14-88FB-41809CA565CC}.MinSizeRel|x64.Build.0 = MinSizeRel|x64
		{7D83CE39-5F1B-3C14-88FB-41809CA565CC}.RelWithDebInfo|x64.ActiveCfg = RelWithDebInfo|x64
		{7D83CE39-5F1B-3C14-88FB-41809CA565CC}.RelWithDebInfo|x64.Build.0 = RelWithDebInfo|x64
		{F6483AD4-18FE-3F9C-93E9-F50332217813}.Debug|x64.ActiveCfg = Debug|x64
		{F6483AD4-18FE-3F9C-93E9-F50332217813}.Debug|x64.Build.0 = Debug|x64
		{F6483AD4-18FE-3F9C-93E9-F50332217813}.Release|x64.ActiveCfg = Release|x64
		{F6483AD4-18FE-3F9C-93E9-F50332217813}.Release|x64.Build.0 = Release|x64
		{F6483AD4-18FE-3F9C-93E9-F50332217813}.MinSizeRel|x64.ActiveCfg = MinSizeRel|x64
		{F6483AD4-18FE-3F9C-93E9-F50332217813}.MinSizeRel|x64.Build.0 = MinSizeRel|x64
		{F6483AD4-18FE-3F9C-93E9-F50332217813}.RelWithDebInfo|x64.ActiveCfg = RelWithDebInfo|x64
		{F6483AD4-18FE-3F9C-93E9-F50332217813}.RelWithDebInfo|x64.Build.0 = RelWithDebInfo|x64
		{DDF26FBF-BB29-3F9A-87EC-48EC8CF0C7B8}.Debug|x64.ActiveCfg = Debug|x64
		{DDF26FBF-BB29-3F9A-87EC-48EC8CF0C7B8}.Debug|x64.Build.0 = Debug|x64
		{DDF26FBF-BB29-3F9A-87EC-48EC8CF0C7B8}.Release|x64.ActiveCfg = Release|x64
		{DDF26FBF-BB29-3F9A-87EC-48EC8CF0C7B8}.Release|x64.Build.0 = Release|x64
		{DDF26FBF-BB29-3F9A-87EC-48EC8CF0C7B8}.MinSizeRel|x64.ActiveCfg = MinSizeRel|x64
		{DDF26FBF-BB29-3F9A-87EC-48EC8CF0C7B8}.MinSizeRel|x64.Build.0 = MinSizeRel|x64
		{DDF26FBF-BB29-3F9A-87EC-48EC8CF0C7B8}.RelWithDebInfo|x64.ActiveCfg = RelWithDebInfo|x64
		{DDF26FBF-BB29-3F9A-87EC-48EC8CF0C7B8}.RelWithDebInfo|x64.Build.0 = RelWithDebInfo|x64
		{C2641F46-386A-3E0D-945F-32194AF8E35E}.Debug|x64.ActiveCfg = Debug|x64
		{C2641F46-386A-3E0D-945F-32194AF8E35E}.Debug|x64.Build.0 = Debug|x64
		{C2641F46-386A-3E0D-945F-32194AF8E35E}.Release|x64.ActiveCfg = Release|x64
		{C2641F46-386A-3E0D-945F-32194AF8E35E}.Release|x64.Build.0 = Release|x64
		{C2641F46-386A-3E0D-945F-32194AF8E35E}.MinSizeRel|x64.ActiveCfg = MinSizeRel|x64
		{C2641F46-386A-3E0D-945F-32194AF8E35E}.MinSizeRel|x64.Build.0 = MinSizeRel|x64
		{C2641F46-386A-3E0D-945F-32194AF8E35E}.RelWithDebInfo|x64.ActiveCfg = RelWithDebInfo|x64
		{C2641F46-386A-3E0D-945F-32194AF8E35E}.RelWithDebInfo|x64.Build.0 = RelWithDebInfo|x64
		{1A95D9EB-C766-3016-847D-3F38B9106663}.Debug|x64.ActiveCfg = Debug|x64
		{1A95D9EB-C766-3016-847D-3F38B9106663}.Debug|x64.Build.0 = Debug|x64
		{1A95D9EB-C766-3016-847D-3F38B9106663}.Release|x64.ActiveCfg = Release|x64
		{1A95D9EB-C766-3016-847D-3F38B9106663}.Release|x64.Build.0 = Release|x64
		{1A95D9EB-C766-3016-847D-3F38B9106663}.MinSizeRel|x64.ActiveCfg = MinSizeRel|x64
		{1A95D9EB-C766-3016-847D-3F38B9106663}.MinSizeRel|x64.Build.0 = MinSizeRel|x64
		{1A95D9EB-C766-3016-847D-3F38B9106663}.RelWithDebInfo|x64.ActiveCfg = RelWithDebInfo|x64
		{1A95D9EB-C766-3016-847D-3F38B9106663}.RelWithDebInfo|x64.Build.0 = RelWithDebInfo|x64
		{C20C598F-9148-33D6-82D8-787862A0F6F8}.Debug|x64.ActiveCfg = Debug|x64
		{C20C598F-9148-33D6-82D8-787862A0F6F8}.Debug|x64.Build.0 = Debug|x64
		{C20C598F-9148-33D6-82D8-787862A0F6F8}.Release|x64.ActiveCfg = Release|x64
		{C20C598F-9148-33D6-82D8-787862A0F6F8}.Release|x64.Build.0 = Release|x64
		{C20C598F-9148-33D6-82D8-787862A0F6F8}.MinSizeRel|x64.ActiveCfg = MinSizeRel|x64
		{C20C598F-9148-33D6-82D8-787862A0F6F8}.MinSizeRel|x64.Build.0 = MinSizeRel|x64
		{C20C598F-9148-33D6-82D8-787862A0F6F8}.RelWithDebInfo|x64.ActiveCfg = RelWithDebInfo|x64
		{C20C598F-9148-33D6-82D8-787862A0F6F8}.RelWithDebInfo|x64.Build.0 = RelWithDebInfo|x64
		{AAA9F97E-5F4B-3B51-A037-133113DAE2D0}.Debug|x64.ActiveCfg = Debug|x64
		{AAA9F97E-5F4B-3B51-A037-133113DAE2D0}.Release|x64.ActiveCfg = Release|x64
		{AAA9F97E-5F4B-3B51-A037-133113DAE2D0}.MinSizeRel|x64.ActiveCfg = MinSizeRel|x64
		{AAA9F97E-5F4B-3B51-A037-133113DAE2D0}.RelWithDebInfo|x64.ActiveCfg = RelWithDebInfo|x64
	EndGlobalSection
	GlobalSection(NestedProjects) = preSolution
		{6ABC84AB-2D41-34B2-8D9C-9621573CDC93} = {0C41659B-C438-3399-94F9-B40857ECD286}
		{8F891FB1-9175-3770-9588-33A2EB1D8CF9} = {0C41659B-C438-3399-94F9-B40857ECD286}
		{7D83CE39-5F1B-3C14-88FB-41809CA565CC} = {0C41659B-C438-3399-94F9-B40857ECD286}
		{F6483AD4-18FE-3F9C-93E9-F50332217813} = {770CDF78-DE44-31C4-B4C2-BA3D5369255E}
		{DDF26FBF-BB29-3F9A-87EC-48EC8CF0C7B8} = {770CDF78-DE44-31C4-B4C2-BA3D5369255E}
		{C2641F46-386A-3E0D-945F-32194AF8E35E} = {770CDF78-DE44-31C4-B4C2-BA3D5369255E}
		{1A95D9EB-C766-3016-847D-3F38B9106663} = {770CDF78-DE44-31C4-B4C2-BA3D5369255E}
		{C20C598F-9148-33D6-82D8-787862A0F6F8} = {B398E47F-A740-3C30-982E-EB2E0ADEC79F}
	EndGlobalSection
	GlobalSection(ExtensibilityGlobals) = postSolution
		SolutionGuid = {1989133A-016F-33F0-95D9-86C59754D9D1}
	EndGlobalSection
	GlobalSection(ExtensibilityAddIns) = postSolution
	EndGlobalSection
EndGlobal
