
Microsoft Visual Studio Solution File, Format Version 12.00
# Visual Studio Version 17
Project("{2150E333-8FDC-42A3-9474-1A3956D46DE8}") = "CMakePredefinedTargets", "CMakePredefinedTargets", "{0C41659B-C438-3399-94F9-B40857ECD286}"
EndProject
Project("{2150E333-8FDC-42A3-9474-1A3956D46DE8}") = "Donut", "Donut", "{3D42DBE5-BD7D-356C-A5FE-875A8D8497E8}"
EndProject
Project("{2150E333-8FDC-42A3-9474-1A3956D46DE8}") = "NVRHI", "NVRHI", "{770CDF78-DE44-31C4-B4C2-BA3D5369255E}"
EndProject
Project("{2150E333-8FDC-42A3-9474-1A3956D46DE8}") = "Third-Party Libraries", "Third-Party Libraries", "{304965DE-97E0-3487-ABBA-D16B2FF8CA78}"
EndProject
Project("{2150E333-8FDC-42A3-9474-1A3956D46DE8}") = "Tools", "Tools", "{B398E47F-A740-3C30-982E-EB2E0ADEC79F}"
EndProject
Project("{8BC9CEB8-8B4A-11D0-8D11-00A0C91BC942}") = "ALL_BUILD", "ALL_BUILD.vcxproj", "{6ABC84AB-2D41-34B2-8D9C-9621573CDC93}"
	ProjectSection(ProjectDependencies) = postProject
		{7D83CE39-5F1B-3C14-88FB-41809CA565CC} = {7D83CE39-5F1B-3C14-88FB-41809CA565CC}
		{0ADB6FB1-D035-37EF-9C7B-4C55FD23DC39} = {0ADB6FB1-D035-37EF-9C7B-4C55FD23DC39}
		{C1426F13-1E7F-353F-A128-DC41BFFE762F} = {C1426F13-1E7F-353F-A128-DC41BFFE762F}
		{76C72C29-975C-32D1-83D3-0A8A5647997E} = {76C72C29-975C-32D1-83D3-0A8A5647997E}
		{3E66D8A3-9D93-3A0A-97C1-EA0D68C70FC2} = {3E66D8A3-9D93-3A0A-97C1-EA0D68C70FC2}
		{F6483AD4-18FE-3F9C-93E9-F50332217813} = {F6483AD4-18FE-3F9C-93E9-F50332217813}
		{DDF26FBF-BB29-3F9A-87EC-48EC8CF0C7B8} = {DDF26FBF-BB29-3F9A-87EC-48EC8CF0C7B8}
		{C2641F46-386A-3E0D-945F-32194AF8E35E} = {C2641F46-386A-3E0D-945F-32194AF8E35E}
		{1A95D9EB-C766-3016-847D-3F38B9106663} = {1A95D9EB-C766-3016-847D-3F38B9106663}
		{C20C598F-9148-33D6-82D8-787862A0F6F8} = {C20C598F-9148-33D6-82D8-787862A0F6F8}
	EndProjectSection
EndProject
Project("{8BC9CEB8-8B4A-11D0-8D11-00A0C91BC942}") = "INSTALL", "INSTALL.vcxproj", "{8F891FB1-9175-3770-9588-33A2EB1D8CF9}"
	ProjectSection(ProjectDependencies) = postProject
		{6ABC84AB-2D41-34B2-8D9C-9621573CDC93} = {6ABC84AB-2D41-34B2-8D9C-9621573CDC93}
		{7D83CE39-5F1B-3C14-88FB-41809CA565CC} = {7D83CE39-5F1B-3C14-88FB-41809CA565CC}
	EndProjectSection
EndProject
Project("{8BC9CEB8-8B4A-11D0-8D11-00A0C91BC942}") = "ZERO_CHECK", "..\\ZERO_CHECK.vcxproj", "{7D83CE39-5F1B-3C14-88FB-41809CA565CC}"
	ProjectSection(ProjectDependencies) = postProject
	EndProjectSection
EndProject
Project("{8BC9CEB8-8B4A-11D0-8D11-00A0C91BC942}") = "donut_app", "donut_app.vcxproj", "{3633E32E-78B8-3073-B659-AFCE69B77FBB}"
	ProjectSection(ProjectDependencies) = postProject
		{7D83CE39-5F1B-3C14-88FB-41809CA565CC} = {7D83CE39-5F1B-3C14-88FB-41809CA565CC}
		{670CA8C3-12D2-3555-A8F2-55499A84BE80} = {670CA8C3-12D2-3555-A8F2-55499A84BE80}
		{E2AD1E2F-32A4-38CD-BB9A-3D9C1AE7CFDE} = {E2AD1E2F-32A4-38CD-BB9A-3D9C1AE7CFDE}
		{0E9AC7AC-8ADC-3DF1-8FC8-BDF20081E330} = {0E9AC7AC-8ADC-3DF1-8FC8-BDF20081E330}
		{0ADB6FB1-D035-37EF-9C7B-4C55FD23DC39} = {0ADB6FB1-D035-37EF-9C7B-4C55FD23DC39}
		{C1426F13-1E7F-353F-A128-DC41BFFE762F} = {C1426F13-1E7F-353F-A128-DC41BFFE762F}
		{76C72C29-975C-32D1-83D3-0A8A5647997E} = {76C72C29-975C-32D1-83D3-0A8A5647997E}
		{DBAF472B-7E44-3FC3-81CE-B75B2E87E90C} = {DBAF472B-7E44-3FC3-81CE-B75B2E87E90C}
		{3E66D8A3-9D93-3A0A-97C1-EA0D68C70FC2} = {3E66D8A3-9D93-3A0A-97C1-EA0D68C70FC2}
		{F6483AD4-18FE-3F9C-93E9-F50332217813} = {F6483AD4-18FE-3F9C-93E9-F50332217813}
		{DDF26FBF-BB29-3F9A-87EC-48EC8CF0C7B8} = {DDF26FBF-BB29-3F9A-87EC-48EC8CF0C7B8}
		{C2641F46-386A-3E0D-945F-32194AF8E35E} = {C2641F46-386A-3E0D-945F-32194AF8E35E}
		{1A95D9EB-C766-3016-847D-3F38B9106663} = {1A95D9EB-C766-3016-847D-3F38B9106663}
	EndProjectSection
EndProject
Project("{8BC9CEB8-8B4A-11D0-8D11-00A0C91BC942}") = "donut_core", "donut_core.vcxproj", "{670CA8C3-12D2-3555-A8F2-55499A84BE80}"
	ProjectSection(ProjectDependencies) = postProject
		{7D83CE39-5F1B-3C14-88FB-41809CA565CC} = {7D83CE39-5F1B-3C14-88FB-41809CA565CC}
		{76C72C29-975C-32D1-83D3-0A8A5647997E} = {76C72C29-975C-32D1-83D3-0A8A5647997E}
		{DBAF472B-7E44-3FC3-81CE-B75B2E87E90C} = {DBAF472B-7E44-3FC3-81CE-B75B2E87E90C}
		{3E66D8A3-9D93-3A0A-97C1-EA0D68C70FC2} = {3E66D8A3-9D93-3A0A-97C1-EA0D68C70FC2}
	EndProjectSection
EndProject
Project("{8BC9CEB8-8B4A-11D0-8D11-00A0C91BC942}") = "donut_engine", "donut_engine.vcxproj", "{E2AD1E2F-32A4-38CD-BB9A-3D9C1AE7CFDE}"
	ProjectSection(ProjectDependencies) = postProject
		{7D83CE39-5F1B-3C14-88FB-41809CA565CC} = {7D83CE39-5F1B-3C14-88FB-41809CA565CC}
		{670CA8C3-12D2-3555-A8F2-55499A84BE80} = {670CA8C3-12D2-3555-A8F2-55499A84BE80}
		{76C72C29-975C-32D1-83D3-0A8A5647997E} = {76C72C29-975C-32D1-83D3-0A8A5647997E}
		{DBAF472B-7E44-3FC3-81CE-B75B2E87E90C} = {DBAF472B-7E44-3FC3-81CE-B75B2E87E90C}
		{3E66D8A3-9D93-3A0A-97C1-EA0D68C70FC2} = {3E66D8A3-9D93-3A0A-97C1-EA0D68C70FC2}
		{F6483AD4-18FE-3F9C-93E9-F50332217813} = {F6483AD4-18FE-3F9C-93E9-F50332217813}
	EndProjectSection
EndProject
Project("{8BC9CEB8-8B4A-11D0-8D11-00A0C91BC942}") = "donut_render", "donut_render.vcxproj", "{4D83B7EC-D79E-3BCF-B9AA-B9706D070B1F}"
	ProjectSection(ProjectDependencies) = postProject
		{7D83CE39-5F1B-3C14-88FB-41809CA565CC} = {7D83CE39-5F1B-3C14-88FB-41809CA565CC}
		{670CA8C3-12D2-3555-A8F2-55499A84BE80} = {670CA8C3-12D2-3555-A8F2-55499A84BE80}
		{E2AD1E2F-32A4-38CD-BB9A-3D9C1AE7CFDE} = {E2AD1E2F-32A4-38CD-BB9A-3D9C1AE7CFDE}
		{0E9AC7AC-8ADC-3DF1-8FC8-BDF20081E330} = {0E9AC7AC-8ADC-3DF1-8FC8-BDF20081E330}
		{76C72C29-975C-32D1-83D3-0A8A5647997E} = {76C72C29-975C-32D1-83D3-0A8A5647997E}
		{DBAF472B-7E44-3FC3-81CE-B75B2E87E90C} = {DBAF472B-7E44-3FC3-81CE-B75B2E87E90C}
		{3E66D8A3-9D93-3A0A-97C1-EA0D68C70FC2} = {3E66D8A3-9D93-3A0A-97C1-EA0D68C70FC2}
		{F6483AD4-18FE-3F9C-93E9-F50332217813} = {F6483AD4-18FE-3F9C-93E9-F50332217813}
	EndProjectSection
EndProject
Project("{8BC9CEB8-8B4A-11D0-8D11-00A0C91BC942}") = "donut_shaders", "shaders\donut_shaders.vcxproj", "{0E9AC7AC-8ADC-3DF1-8FC8-BDF20081E330}"
	ProjectSection(ProjectDependencies) = postProject
		{7D83CE39-5F1B-3C14-88FB-41809CA565CC} = {7D83CE39-5F1B-3C14-88FB-41809CA565CC}
		{C20C598F-9148-33D6-82D8-787862A0F6F8} = {C20C598F-9148-33D6-82D8-787862A0F6F8}
	EndProjectSection
EndProject
Project("{8BC9CEB8-8B4A-11D0-8D11-00A0C91BC942}") = "glfw", "thirdparty\glfw\src\glfw.vcxproj", "{0ADB6FB1-D035-37EF-9C7B-4C55FD23DC39}"
	ProjectSection(ProjectDependencies) = postProject
		{7D83CE39-5F1B-3C14-88FB-41809CA565CC} = {7D83CE39-5F1B-3C14-88FB-41809CA565CC}
	EndProjectSection
EndProject
Project("{8BC9CEB8-8B4A-11D0-8D11-00A0C91BC942}") = "imgui", "thirdparty\imgui.vcxproj", "{C1426F13-1E7F-353F-A128-DC41BFFE762F}"
	ProjectSection(ProjectDependencies) = postProject
		{7D83CE39-5F1B-3C14-88FB-41809CA565CC} = {7D83CE39-5F1B-3C14-88FB-41809CA565CC}
	EndProjectSection
EndProject
Project("{8BC9CEB8-8B4A-11D0-8D11-00A0C91BC942}") = "jsoncpp_static", "thirdparty\jsoncpp\src\lib_json\jsoncpp_static.vcxproj", "{76C72C29-975C-32D1-83D3-0A8A5647997E}"
	ProjectSection(ProjectDependencies) = postProject
		{7D83CE39-5F1B-3C14-88FB-41809CA565CC} = {7D83CE39-5F1B-3C14-88FB-41809CA565CC}
	EndProjectSection
EndProject
Project("{8BC9CEB8-8B4A-11D0-8D11-00A0C91BC942}") = "lz4", "thirdparty\lz4.vcxproj", "{DBAF472B-7E44-3FC3-81CE-B75B2E87E90C}"
	ProjectSection(ProjectDependencies) = postProject
		{7D83CE39-5F1B-3C14-88FB-41809CA565CC} = {7D83CE39-5F1B-3C14-88FB-41809CA565CC}
	EndProjectSection
EndProject
Project("{8BC9CEB8-8B4A-11D0-8D11-00A0C91BC942}") = "miniz", "thirdparty\miniz\miniz.vcxproj", "{3E66D8A3-9D93-3A0A-97C1-EA0D68C70FC2}"
	ProjectSection(ProjectDependencies) = postProject
		{7D83CE39-5F1B-3C14-88FB-41809CA565CC} = {7D83CE39-5F1B-3C14-88FB-41809CA565CC}
	EndProjectSection
EndProject
Project("{8BC9CEB8-8B4A-11D0-8D11-00A0C91BC942}") = "nvrhi", "nvrhi\nvrhi.vcxproj", "{F6483AD4-18FE-3F9C-93E9-F50332217813}"
	ProjectSection(ProjectDependencies) = postProject
		{7D83CE39-5F1B-3C14-88FB-41809CA565CC} = {7D83CE39-5F1B-3C14-88FB-41809CA565CC}
	EndProjectSection
EndProject
Project("{8BC9CEB8-8B4A-11D0-8D11-00A0C91BC942}") = "nvrhi_d3d11", "nvrhi\nvrhi_d3d11.vcxproj", "{DDF26FBF-BB29-3F9A-87EC-48EC8CF0C7B8}"
	ProjectSection(ProjectDependencies) = postProject
		{7D83CE39-5F1B-3C14-88FB-41809CA565CC} = {7D83CE39-5F1B-3C14-88FB-41809CA565CC}
	EndProjectSection
EndProject
Project("{8BC9CEB8-8B4A-11D0-8D11-00A0C91BC942}") = "nvrhi_d3d12", "nvrhi\nvrhi_d3d12.vcxproj", "{C2641F46-386A-3E0D-945F-32194AF8E35E}"
	ProjectSection(ProjectDependencies) = postProject
		{7D83CE39-5F1B-3C14-88FB-41809CA565CC} = {7D83CE39-5F1B-3C14-88FB-41809CA565CC}
	EndProjectSection
EndProject
Project("{8BC9CEB8-8B4A-11D0-8D11-00A0C91BC942}") = "nvrhi_vk", "nvrhi\nvrhi_vk.vcxproj", "{1A95D9EB-C766-3016-847D-3F38B9106663}"
	ProjectSection(ProjectDependencies) = postProject
		{7D83CE39-5F1B-3C14-88FB-41809CA565CC} = {7D83CE39-5F1B-3C14-88FB-41809CA565CC}
	EndProjectSection
EndProject
Project("{8BC9CEB8-8B4A-11D0-8D11-00A0C91BC942}") = "shaderCompiler", "nvrhi\tools\shaderCompiler\shaderCompiler.vcxproj", "{C20C598F-9148-33D6-82D8-787862A0F6F8}"
	ProjectSection(ProjectDependencies) = postProject
		{7D83CE39-5F1B-3C14-88FB-41809CA565CC} = {7D83CE39-5F1B-3C14-88FB-41809CA565CC}
	EndProjectSection
EndProject
Project("{8BC9CEB8-8B4A-11D0-8D11-00A0C91BC942}") = "uninstall", "nvrhi\thirdparty\Vulkan-Headers\uninstall.vcxproj", "{AAA9F97E-5F4B-3B51-A037-133113DAE2D0}"
	ProjectSection(ProjectDependencies) = postProject
		{7D83CE39-5F1B-3C14-88FB-41809CA565CC} = {7D83CE39-5F1B-3C14-88FB-41809CA565CC}
	EndProjectSection
EndProject
Global
	GlobalSection(SolutionConfigurationPlatforms) = preSolution
		Debug|x64 = Debug|x64
		Release|x64 = Release|x64
		MinSizeRel|x64 = MinSizeRel|x64
		RelWithDebInfo|x64 = RelWithDebInfo|x64
	EndGlobalSection
	GlobalSection(ProjectConfigurationPlatforms) = postSolution
		{6ABC84AB-2D41-34B2-8D9C-9621573CDC93}.Debug|x64.ActiveCfg = Debug|x64
		{6ABC84AB-2D41-34B2-8D9C-9621573CDC93}.Debug|x64.Build.0 = Debug|x64
		{6ABC84AB-2D41-34B2-8D9C-9621573CDC93}.Release|x64.ActiveCfg = Release|x64
		{6ABC84AB-2D41-34B2-8D9C-9621573CDC93}.Release|x64.Build.0 = Release|x64
		{6ABC84AB-2D41-34B2-8D9C-9621573CDC93}.MinSizeRel|x64.ActiveCfg = MinSizeRel|x64
		{6ABC84AB-2D41-34B2-8D9C-9621573CDC93}.MinSizeRel|x64.Build.0 = MinSizeRel|x64
		{6ABC84AB-2D41-34B2-8D9C-9621573CDC93}.RelWithDebInfo|x64.ActiveCfg = RelWithDebInfo|x64
		{6ABC84AB-2D41-34B2-8D9C-9621573CDC93}.RelWithDebInfo|x64.Build.0 = RelWithDebInfo|x64
		{8F891FB1-9175-3770-9588-33A2EB1D8CF9}.Debug|x64.ActiveCfg = Debug|x64
		{8F891FB1-9175-3770-9588-33A2EB1D8CF9}.Release|x64.ActiveCfg = Release|x64
		{8F891FB1-9175-3770-9588-33A2EB1D8CF9}.MinSizeRel|x64.ActiveCfg = MinSizeRel|x64
		{8F891FB1-9175-3770-9588-33A2EB1D8CF9}.RelWithDebInfo|x64.ActiveCfg = RelWithDebInfo|x64
		{7D83CE39-5F1B-3C14-88FB-41809CA565CC}.Debug|x64.ActiveCfg = Debug|x64
		{7D83CE39-5F1B-3C14-88FB-41809CA565CC}.Debug|x64.Build.0 = Debug|x64
		{7D83CE39-5F1B-3C14-88FB-41809CA565CC}.Release|x64.ActiveCfg = Release|x64
		{7D83CE39-5F1B-3C14-88FB-41809CA565CC}.Release|x64.Build.0 = Release|x64
		{7D83CE39-5F1B-3C14-88FB-41809CA565CC}.MinSizeRel|x64.ActiveCfg = MinSizeRel|x64
		{7D83CE39-5F1B-3C14-88FB-41809CA565CC}.MinSizeRel|x64.Build.0 = MinSizeRel|x64
		{7D83CE39-5F1B-3C14-88FB-41809CA565CC}.RelWithDebInfo|x64.ActiveCfg = RelWithDebInfo|x64
		{7D83CE39-5F1B-3C14-88FB-41809CA565CC}.RelWithDebInfo|x64.Build.0 = RelWithDebInfo|x64
		{3633E32E-78B8-3073-B659-AFCE69B77FBB}.Debug|x64.ActiveCfg = Debug|x64
		{3633E32E-78B8-3073-B659-AFCE69B77FBB}.Debug|x64.Build.0 = Debug|x64
		{3633E32E-78B8-3073-B659-AFCE69B77FBB}.Release|x64.ActiveCfg = Release|x64
		{3633E32E-78B8-3073-B659-AFCE69B77FBB}.Release|x64.Build.0 = Release|x64
		{3633E32E-78B8-3073-B659-AFCE69B77FBB}.MinSizeRel|x64.ActiveCfg = MinSizeRel|x64
		{3633E32E-78B8-3073-B659-AFCE69B77FBB}.MinSizeRel|x64.Build.0 = MinSizeRel|x64
		{3633E32E-78B8-3073-B659-AFCE69B77FBB}.RelWithDebInfo|x64.ActiveCfg = RelWithDebInfo|x64
		{3633E32E-78B8-3073-B659-AFCE69B77FBB}.RelWithDebInfo|x64.Build.0 = RelWithDebInfo|x64
		{670CA8C3-12D2-3555-A8F2-55499A84BE80}.Debug|x64.ActiveCfg = Debug|x64
		{670CA8C3-12D2-3555-A8F2-55499A84BE80}.Debug|x64.Build.0 = Debug|x64
		{670CA8C3-12D2-3555-A8F2-55499A84BE80}.Release|x64.ActiveCfg = Release|x64
		{670CA8C3-12D2-3555-A8F2-55499A84BE80}.Release|x64.Build.0 = Release|x64
		{670CA8C3-12D2-3555-A8F2-55499A84BE80}.MinSizeRel|x64.ActiveCfg = MinSizeRel|x64
		{670CA8C3-12D2-3555-A8F2-55499A84BE80}.MinSizeRel|x64.Build.0 = MinSizeRel|x64
		{670CA8C3-12D2-3555-A8F2-55499A84BE80}.RelWithDebInfo|x64.ActiveCfg = RelWithDebInfo|x64
		{670CA8C3-12D2-3555-A8F2-55499A84BE80}.RelWithDebInfo|x64.Build.0 = RelWithDebInfo|x64
		{E2AD1E2F-32A4-38CD-BB9A-3D9C1AE7CFDE}.Debug|x64.ActiveCfg = Debug|x64
		{E2AD1E2F-32A4-38CD-BB9A-3D9C1AE7CFDE}.Debug|x64.Build.0 = Debug|x64
		{E2AD1E2F-32A4-38CD-BB9A-3D9C1AE7CFDE}.Release|x64.ActiveCfg = Release|x64
		{E2AD1E2F-32A4-38CD-BB9A-3D9C1AE7CFDE}.Release|x64.Build.0 = Release|x64
		{E2AD1E2F-32A4-38CD-BB9A-3D9C1AE7CFDE}.MinSizeRel|x64.ActiveCfg = MinSizeRel|x64
		{E2AD1E2F-32A4-38CD-BB9A-3D9C1AE7CFDE}.MinSizeRel|x64.Build.0 = MinSizeRel|x64
		{E2AD1E2F-32A4-38CD-BB9A-3D9C1AE7CFDE}.RelWithDebInfo|x64.ActiveCfg = RelWithDebInfo|x64
		{E2AD1E2F-32A4-38CD-BB9A-3D9C1AE7CFDE}.RelWithDebInfo|x64.Build.0 = RelWithDebInfo|x64
		{4D83B7EC-D79E-3BCF-B9AA-B9706D070B1F}.Debug|x64.ActiveCfg = Debug|x64
		{4D83B7EC-D79E-3BCF-B9AA-B9706D070B1F}.Debug|x64.Build.0 = Debug|x64
		{4D83B7EC-D79E-3BCF-B9AA-B9706D070B1F}.Release|x64.ActiveCfg = Release|x64
		{4D83B7EC-D79E-3BCF-B9AA-B9706D070B1F}.Release|x64.Build.0 = Release|x64
		{4D83B7EC-D79E-3BCF-B9AA-B9706D070B1F}.MinSizeRel|x64.ActiveCfg = MinSizeRel|x64
		{4D83B7EC-D79E-3BCF-B9AA-B9706D070B1F}.MinSizeRel|x64.Build.0 = MinSizeRel|x64
		{4D83B7EC-D79E-3BCF-B9AA-B9706D070B1F}.RelWithDebInfo|x64.ActiveCfg = RelWithDebInfo|x64
		{4D83B7EC-D79E-3BCF-B9AA-B9706D070B1F}.RelWithDebInfo|x64.Build.0 = RelWithDebInfo|x64
		{0E9AC7AC-8ADC-3DF1-8FC8-BDF20081E330}.Debug|x64.ActiveCfg = Debug|x64
		{0E9AC7AC-8ADC-3DF1-8FC8-BDF20081E330}.Debug|x64.Build.0 = Debug|x64
		{0E9AC7AC-8ADC-3DF1-8FC8-BDF20081E330}.Release|x64.ActiveCfg = Release|x64
		{0E9AC7AC-8ADC-3DF1-8FC8-BDF20081E330}.Release|x64.Build.0 = Release|x64
		{0E9AC7AC-8ADC-3DF1-8FC8-BDF20081E330}.MinSizeRel|x64.ActiveCfg = MinSizeRel|x64
		{0E9AC7AC-8ADC-3DF1-8FC8-BDF20081E330}.MinSizeRel|x64.Build.0 = MinSizeRel|x64
		{0E9AC7AC-8ADC-3DF1-8FC8-BDF20081E330}.RelWithDebInfo|x64.ActiveCfg = RelWithDebInfo|x64
		{0E9AC7AC-8ADC-3DF1-8FC8-BDF20081E330}.RelWithDebInfo|x64.Build.0 = RelWithDebInfo|x64
		{0ADB6FB1-D035-37EF-9C7B-4C55FD23DC39}.Debug|x64.ActiveCfg = Debug|x64
		{0ADB6FB1-D035-37EF-9C7B-4C55FD23DC39}.Debug|x64.Build.0 = Debug|x64
		{0ADB6FB1-D035-37EF-9C7B-4C55FD23DC39}.Release|x64.ActiveCfg = Release|x64
		{0ADB6FB1-D035-37EF-9C7B-4C55FD23DC39}.Release|x64.Build.0 = Release|x64
		{0ADB6FB1-D035-37EF-9C7B-4C55FD23DC39}.MinSizeRel|x64.ActiveCfg = MinSizeRel|x64
		{0ADB6FB1-D035-37EF-9C7B-4C55FD23DC39}.MinSizeRel|x64.Build.0 = MinSizeRel|x64
		{0ADB6FB1-D035-37EF-9C7B-4C55FD23DC39}.RelWithDebInfo|x64.ActiveCfg = RelWithDebInfo|x64
		{0ADB6FB1-D035-37EF-9C7B-4C55FD23DC39}.RelWithDebInfo|x64.Build.0 = RelWithDebInfo|x64
		{C1426F13-1E7F-353F-A128-DC41BFFE762F}.Debug|x64.ActiveCfg = Debug|x64
		{C1426F13-1E7F-353F-A128-DC41BFFE762F}.Debug|x64.Build.0 = Debug|x64
		{C1426F13-1E7F-353F-A128-DC41BFFE762F}.Release|x64.ActiveCfg = Release|x64
		{C1426F13-1E7F-353F-A128-DC41BFFE762F}.Release|x64.Build.0 = Release|x64
		{C1426F13-1E7F-353F-A128-DC41BFFE762F}.MinSizeRel|x64.ActiveCfg = MinSizeRel|x64
		{C1426F13-1E7F-353F-A128-DC41BFFE762F}.MinSizeRel|x64.Build.0 = MinSizeRel|x64
		{C1426F13-1E7F-353F-A128-DC41BFFE762F}.RelWithDebInfo|x64.ActiveCfg = RelWithDebInfo|x64
		{C1426F13-1E7F-353F-A128-DC41BFFE762F}.RelWithDebInfo|x64.Build.0 = RelWithDebInfo|x64
		{76C72C29-975C-32D1-83D3-0A8A5647997E}.Debug|x64.ActiveCfg = Debug|x64
		{76C72C29-975C-32D1-83D3-0A8A5647997E}.Debug|x64.Build.0 = Debug|x64
		{76C72C29-975C-32D1-83D3-0A8A5647997E}.Release|x64.ActiveCfg = Release|x64
		{76C72C29-975C-32D1-83D3-0A8A5647997E}.Release|x64.Build.0 = Release|x64
		{76C72C29-975C-32D1-83D3-0A8A5647997E}.MinSizeRel|x64.ActiveCfg = MinSizeRel|x64
		{76C72C29-975C-32D1-83D3-0A8A5647997E}.MinSizeRel|x64.Build.0 = MinSizeRel|x64
		{76C72C29-975C-32D1-83D3-0A8A5647997E}.RelWithDebInfo|x64.ActiveCfg = RelWithDebInfo|x64
		{76C72C29-975C-32D1-83D3-0A8A5647997E}.RelWithDebInfo|x64.Build.0 = RelWithDebInfo|x64
		{DBAF472B-7E44-3FC3-81CE-B75B2E87E90C}.Debug|x64.ActiveCfg = Debug|x64
		{DBAF472B-7E44-3FC3-81CE-B75B2E87E90C}.Debug|x64.Build.0 = Debug|x64
		{DBAF472B-7E44-3FC3-81CE-B75B2E87E90C}.Release|x64.ActiveCfg = Release|x64
		{DBAF472B-7E44-3FC3-81CE-B75B2E87E90C}.Release|x64.Build.0 = Release|x64
		{DBAF472B-7E44-3FC3-81CE-B75B2E87E90C}.MinSizeRel|x64.ActiveCfg = MinSizeRel|x64
		{DBAF472B-7E44-3FC3-81CE-B75B2E87E90C}.MinSizeRel|x64.Build.0 = MinSizeRel|x64
		{DBAF472B-7E44-3FC3-81CE-B75B2E87E90C}.RelWithDebInfo|x64.ActiveCfg = RelWithDebInfo|x64
		{DBAF472B-7E44-3FC3-81CE-B75B2E87E90C}.RelWithDebInfo|x64.Build.0 = RelWithDebInfo|x64
		{3E66D8A3-9D93-3A0A-97C1-EA0D68C70FC2}.Debug|x64.ActiveCfg = Debug|x64
		{3E66D8A3-9D93-3A0A-97C1-EA0D68C70FC2}.Debug|x64.Build.0 = Debug|x64
		{3E66D8A3-9D93-3A0A-97C1-EA0D68C70FC2}.Release|x64.ActiveCfg = Release|x64
		{3E66D8A3-9D93-3A0A-97C1-EA0D68C70FC2}.Release|x64.Build.0 = Release|x64
		{3E66D8A3-9D93-3A0A-97C1-EA0D68C70FC2}.MinSizeRel|x64.ActiveCfg = MinSizeRel|x64
		{3E66D8A3-9D93-3A0A-97C1-EA0D68C70FC2}.MinSizeRel|x64.Build.0 = MinSizeRel|x64
		{3E66D8A3-9D93-3A0A-97C1-EA0D68C70FC2}.RelWithDebInfo|x64.ActiveCfg = RelWithDebInfo|x64
		{3E66D8A3-9D93-3A0A-97C1-EA0D68C70FC2}.RelWithDebInfo|x64.Build.0 = RelWithDebInfo|x64
		{F6483AD4-18FE-3F9C-93E9-F50332217813}.Debug|x64.ActiveCfg = Debug|x64
		{F6483AD4-18FE-3F9C-93E9-F50332217813}.Debug|x64.Build.0 = Debug|x64
		{F6483AD4-18FE-3F9C-93E9-F50332217813}.Release|x64.ActiveCfg = Release|x64
		{F6483AD4-18FE-3F9C-93E9-F50332217813}.Release|x64.Build.0 = Release|x64
		{F6483AD4-18FE-3F9C-93E9-F50332217813}.MinSizeRel|x64.ActiveCfg = MinSizeRel|x64
		{F6483AD4-18FE-3F9C-93E9-F50332217813}.MinSizeRel|x64.Build.0 = MinSizeRel|x64
		{F6483AD4-18FE-3F9C-93E9-F50332217813}.RelWithDebInfo|x64.ActiveCfg = RelWithDebInfo|x64
		{F6483AD4-18FE-3F9C-93E9-F50332217813}.RelWithDebInfo|x64.Build.0 = RelWithDebInfo|x64
		{DDF26FBF-BB29-3F9A-87EC-48EC8CF0C7B8}.Debug|x64.ActiveCfg = Debug|x64
		{DDF26FBF-BB29-3F9A-87EC-48EC8CF0C7B8}.Debug|x64.Build.0 = Debug|x64
		{DDF26FBF-BB29-3F9A-87EC-48EC8CF0C7B8}.Release|x64.ActiveCfg = Release|x64
		{DDF26FBF-BB29-3F9A-87EC-48EC8CF0C7B8}.Release|x64.Build.0 = Release|x64
		{DDF26FBF-BB29-3F9A-87EC-48EC8CF0C7B8}.MinSizeRel|x64.ActiveCfg = MinSizeRel|x64
		{DDF26FBF-BB29-3F9A-87EC-48EC8CF0C7B8}.MinSizeRel|x64.Build.0 = MinSizeRel|x64
		{DDF26FBF-BB29-3F9A-87EC-48EC8CF0C7B8}.RelWithDebInfo|x64.ActiveCfg = RelWithDebInfo|x64
		{DDF26FBF-BB29-3F9A-87EC-48EC8CF0C7B8}.RelWithDebInfo|x64.Build.0 = RelWithDebInfo|x64
		{C2641F46-386A-3E0D-945F-32194AF8E35E}.Debug|x64.ActiveCfg = Debug|x64
		{C2641F46-386A-3E0D-945F-32194AF8E35E}.Debug|x64.Build.0 = Debug|x64
		{C2641F46-386A-3E0D-945F-32194AF8E35E}.Release|x64.ActiveCfg = Release|x64
		{C2641F46-386A-3E0D-945F-32194AF8E35E}.Release|x64.Build.0 = Release|x64
		{C2641F46-386A-3E0D-945F-32194AF8E35E}.MinSizeRel|x64.ActiveCfg = MinSizeRel|x64
		{C2641F46-386A-3E0D-945F-32194AF8E35E}.MinSizeRel|x64.Build.0 = MinSizeRel|x64
		{C2641F46-386A-3E0D-945F-32194AF8E35E}.RelWithDebInfo|x64.ActiveCfg = RelWithDebInfo|x64
		{C2641F46-386A-3E0D-945F-32194AF8E35E}.RelWithDebInfo|x64.Build.0 = RelWithDebInfo|x64
		{1A95D9EB-C766-3016-847D-3F38B9106663}.Debug|x64.ActiveCfg = Debug|x64
		{1A95D9EB-C766-3016-847D-3F38B9106663}.Debug|x64.Build.0 = Debug|x64
		{1A95D9EB-C766-3016-847D-3F38B9106663}.Release|x64.ActiveCfg = Release|x64
		{1A95D9EB-C766-3016-847D-3F38B9106663}.Release|x64.Build.0 = Release|x64
		{1A95D9EB-C766-3016-847D-3F38B9106663}.MinSizeRel|x64.ActiveCfg = MinSizeRel|x64
		{1A95D9EB-C766-3016-847D-3F38B9106663}.MinSizeRel|x64.Build.0 = MinSizeRel|x64
		{1A95D9EB-C766-3016-847D-3F38B9106663}.RelWithDebInfo|x64.ActiveCfg = RelWithDebInfo|x64
		{1A95D9EB-C766-3016-847D-3F38B9106663}.RelWithDebInfo|x64.Build.0 = RelWithDebInfo|x64
		{C20C598F-9148-33D6-82D8-787862A0F6F8}.Debug|x64.ActiveCfg = Debug|x64
		{C20C598F-9148-33D6-82D8-787862A0F6F8}.Debug|x64.Build.0 = Debug|x64
		{C20C598F-9148-33D6-82D8-787862A0F6F8}.Release|x64.ActiveCfg = Release|x64
		{C20C598F-9148-33D6-82D8-787862A0F6F8}.Release|x64.Build.0 = Release|x64
		{C20C598F-9148-33D6-82D8-787862A0F6F8}.MinSizeRel|x64.ActiveCfg = MinSizeRel|x64
		{C20C598F-9148-33D6-82D8-787862A0F6F8}.MinSizeRel|x64.Build.0 = MinSizeRel|x64
		{C20C598F-9148-33D6-82D8-787862A0F6F8}.RelWithDebInfo|x64.ActiveCfg = RelWithDebInfo|x64
		{C20C598F-9148-33D6-82D8-787862A0F6F8}.RelWithDebInfo|x64.Build.0 = RelWithDebInfo|x64
		{AAA9F97E-5F4B-3B51-A037-133113DAE2D0}.Debug|x64.ActiveCfg = Debug|x64
		{AAA9F97E-5F4B-3B51-A037-133113DAE2D0}.Release|x64.ActiveCfg = Release|x64
		{AAA9F97E-5F4B-3B51-A037-133113DAE2D0}.MinSizeRel|x64.ActiveCfg = MinSizeRel|x64
		{AAA9F97E-5F4B-3B51-A037-133113DAE2D0}.RelWithDebInfo|x64.ActiveCfg = RelWithDebInfo|x64
	EndGlobalSection
	GlobalSection(NestedProjects) = preSolution
		{6ABC84AB-2D41-34B2-8D9C-9621573CDC93} = {0C41659B-C438-3399-94F9-B40857ECD286}
		{8F891FB1-9175-3770-9588-33A2EB1D8CF9} = {0C41659B-C438-3399-94F9-B40857ECD286}
		{7D83CE39-5F1B-3C14-88FB-41809CA565CC} = {0C41659B-C438-3399-94F9-B40857ECD286}
		{3633E32E-78B8-3073-B659-AFCE69B77FBB} = {3D42DBE5-BD7D-356C-A5FE-875A8D8497E8}
		{670CA8C3-12D2-3555-A8F2-55499A84BE80} = {3D42DBE5-BD7D-356C-A5FE-875A8D8497E8}
		{E2AD1E2F-32A4-38CD-BB9A-3D9C1AE7CFDE} = {3D42DBE5-BD7D-356C-A5FE-875A8D8497E8}
		{4D83B7EC-D79E-3BCF-B9AA-B9706D070B1F} = {3D42DBE5-BD7D-356C-A5FE-875A8D8497E8}
		{0E9AC7AC-8ADC-3DF1-8FC8-BDF20081E330} = {3D42DBE5-BD7D-356C-A5FE-875A8D8497E8}
		{F6483AD4-18FE-3F9C-93E9-F50332217813} = {770CDF78-DE44-31C4-B4C2-BA3D5369255E}
		{DDF26FBF-BB29-3F9A-87EC-48EC8CF0C7B8} = {770CDF78-DE44-31C4-B4C2-BA3D5369255E}
		{C2641F46-386A-3E0D-945F-32194AF8E35E} = {770CDF78-DE44-31C4-B4C2-BA3D5369255E}
		{1A95D9EB-C766-3016-847D-3F38B9106663} = {770CDF78-DE44-31C4-B4C2-BA3D5369255E}
		{0ADB6FB1-D035-37EF-9C7B-4C55FD23DC39} = {304965DE-97E0-3487-ABBA-D16B2FF8CA78}
		{C1426F13-1E7F-353F-A128-DC41BFFE762F} = {304965DE-97E0-3487-ABBA-D16B2FF8CA78}
		{76C72C29-975C-32D1-83D3-0A8A5647997E} = {304965DE-97E0-3487-ABBA-D16B2FF8CA78}
		{DBAF472B-7E44-3FC3-81CE-B75B2E87E90C} = {304965DE-97E0-3487-ABBA-D16B2FF8CA78}
		{3E66D8A3-9D93-3A0A-97C1-EA0D68C70FC2} = {304965DE-97E0-3487-ABBA-D16B2FF8CA78}
		{C20C598F-9148-33D6-82D8-787862A0F6F8} = {B398E47F-A740-3C30-982E-EB2E0ADEC79F}
	EndGlobalSection
	GlobalSection(ExtensibilityGlobals) = postSolution
		SolutionGuid = {7EF19D28-D0B2-301E-BCE1-ECCA8B1B357F}
	EndGlobalSection
	GlobalSection(ExtensibilityAddIns) = postSolution
	EndGlobalSection
EndGlobal
